// !$*UTF8*$!
{
	archiveVersion = 1;
	classes = {
	};
	objectVersion = 50;
	objects = {

/* Begin PBXBuildFile section */
		59185652251302D500F7FD5D /* ViewController.swift in Sources */ = {isa = PBXBuildFile; fileRef = 59185651251302D500F7FD5D /* ViewController.swift */; };
		59185654251302E500F7FD5D /* Main.storyboard in Resources */ = {isa = PBXBuildFile; fileRef = 59185653251302E500F7FD5D /* Main.storyboard */; };
		593FAFF12512E92E00D7ECA1 /* AppDelegate.swift in Sources */ = {isa = PBXBuildFile; fileRef = 593FAFF02512E92E00D7ECA1 /* AppDelegate.swift */; };
		593FAFF32512E92E00D7ECA1 /* SceneDelegate.swift in Sources */ = {isa = PBXBuildFile; fileRef = 593FAFF22512E92E00D7ECA1 /* SceneDelegate.swift */; };
		593FAFFA2512E93500D7ECA1 /* Assets.xcassets in Resources */ = {isa = PBXBuildFile; fileRef = 593FAFF92512E93500D7ECA1 /* Assets.xcassets */; };
		593FAFFD2512E93500D7ECA1 /* LaunchScreen.storyboard in Resources */ = {isa = PBXBuildFile; fileRef = 593FAFFB2512E93500D7ECA1 /* LaunchScreen.storyboard */; };
		593FB0082512E93600D7ECA1 /* AnimationTests.swift in Sources */ = {isa = PBXBuildFile; fileRef = 593FB0072512E93600D7ECA1 /* AnimationTests.swift */; };
		593FB0132512E93600D7ECA1 /* AnimationUITests.swift in Sources */ = {isa = PBXBuildFile; fileRef = 593FB0122512E93600D7ECA1 /* AnimationUITests.swift */; };
		593FB0282512E9A800D7ECA1 /* image1.png in Resources */ = {isa = PBXBuildFile; fileRef = 593FB0262512E9A800D7ECA1 /* image1.png */; };
		593FB0292512E9A800D7ECA1 /* image2.png in Resources */ = {isa = PBXBuildFile; fileRef = 593FB0272512E9A800D7ECA1 /* image2.png */; };
/* End PBXBuildFile section */

/* Begin PBXContainerItemProxy section */
		593FB0042512E93600D7ECA1 /* PBXContainerItemProxy */ = {
			isa = PBXContainerItemProxy;
			containerPortal = 593FAFE52512E92E00D7ECA1 /* Project object */;
			proxyType = 1;
			remoteGlobalIDString = 593FAFEC2512E92E00D7ECA1;
			remoteInfo = Animation;
		};
		593FB00F2512E93600D7ECA1 /* PBXContainerItemProxy */ = {
			isa = PBXContainerItemProxy;
			containerPortal = 593FAFE52512E92E00D7ECA1 /* Project object */;
			proxyType = 1;
			remoteGlobalIDString = 593FAFEC2512E92E00D7ECA1;
			remoteInfo = Animation;
		};
/* End PBXContainerItemProxy section */

/* Begin PBXFileReference section */
		59185651251302D500F7FD5D /* ViewController.swift */ = {isa = PBXFileReference; fileEncoding = 4; lastKnownFileType = sourcecode.swift; path = ViewController.swift; sourceTree = "<group>"; };
		59185653251302E500F7FD5D /* Main.storyboard */ = {isa = PBXFileReference; fileEncoding = 4; lastKnownFileType = file.storyboard; path = Main.storyboard; sourceTree = "<group>"; };
		593FAFED2512E92E00D7ECA1 /* Animation.app */ = {isa = PBXFileReference; explicitFileType = wrapper.application; includeInIndex = 0; path = Animation.app; sourceTree = BUILT_PRODUCTS_DIR; };
		593FAFF02512E92E00D7ECA1 /* AppDelegate.swift */ = {isa = PBXFileReference; lastKnownFileType = sourcecode.swift; path = AppDelegate.swift; sourceTree = "<group>"; };
		593FAFF22512E92E00D7ECA1 /* SceneDelegate.swift */ = {isa = PBXFileReference; lastKnownFileType = sourcecode.swift; path = SceneDelegate.swift; sourceTree = "<group>"; };
		593FAFF92512E93500D7ECA1 /* Assets.xcassets */ = {isa = PBXFileReference; lastKnownFileType = folder.assetcatalog; path = Assets.xcassets; sourceTree = "<group>"; };
		593FAFFC2512E93500D7ECA1 /* Base */ = {isa = PBXFileReference; lastKnownFileType = file.storyboard; name = Base; path = Base.lproj/LaunchScreen.storyboard; sourceTree = "<group>"; };
		593FAFFE2512E93500D7ECA1 /* Info.plist */ = {isa = PBXFileReference; lastKnownFileType = text.plist.xml; path = Info.plist; sourceTree = "<group>"; };
		593FB0032512E93600D7ECA1 /* AnimationTests.xctest */ = {isa = PBXFileReference; explicitFileType = wrapper.cfbundle; includeInIndex = 0; path = AnimationTests.xctest; sourceTree = BUILT_PRODUCTS_DIR; };
		593FB0072512E93600D7ECA1 /* AnimationTests.swift */ = {isa = PBXFileReference; lastKnownFileType = sourcecode.swift; path = AnimationTests.swift; sourceTree = "<group>"; };
		593FB0092512E93600D7ECA1 /* Info.plist */ = {isa = PBXFileReference; lastKnownFileType = text.plist.xml; path = Info.plist; sourceTree = "<group>"; };
		593FB00E2512E93600D7ECA1 /* AnimationUITests.xctest */ = {isa = PBXFileReference; explicitFileType = wrapper.cfbundle; includeInIndex = 0; path = AnimationUITests.xctest; sourceTree = BUILT_PRODUCTS_DIR; };
		593FB0122512E93600D7ECA1 /* AnimationUITests.swift */ = {isa = PBXFileReference; lastKnownFileType = sourcecode.swift; path = AnimationUITests.swift; sourceTree = "<group>"; };
		593FB0142512E93600D7ECA1 /* Info.plist */ = {isa = PBXFileReference; lastKnownFileType = text.plist.xml; path = Info.plist; sourceTree = "<group>"; };
		593FB0262512E9A800D7ECA1 /* image1.png */ = {isa = PBXFileReference; lastKnownFileType = image.png; path = image1.png; sourceTree = "<group>"; };
		593FB0272512E9A800D7ECA1 /* image2.png */ = {isa = PBXFileReference; lastKnownFileType = image.png; path = image2.png; sourceTree = "<group>"; };
/* End PBXFileReference section */

/* Begin PBXFrameworksBuildPhase section */
		593FAFEA2512E92E00D7ECA1 /* Frameworks */ = {
			isa = PBXFrameworksBuildPhase;
			buildActionMask = 2147483647;
			files = (
			);
			runOnlyForDeploymentPostprocessing = 0;
		};
		593FB0002512E93600D7ECA1 /* Frameworks */ = {
			isa = PBXFrameworksBuildPhase;
			buildActionMask = 2147483647;
			files = (
			);
			runOnlyForDeploymentPostprocessing = 0;
		};
		593FB00B2512E93600D7ECA1 /* Frameworks */ = {
			isa = PBXFrameworksBuildPhase;
			buildActionMask = 2147483647;
			files = (
			);
			runOnlyForDeploymentPostprocessing = 0;
		};
/* End PBXFrameworksBuildPhase section */

/* Begin PBXGroup section */
		593FAFE42512E92E00D7ECA1 = {
			isa = PBXGroup;
			children = (
				593FAFEF2512E92E00D7ECA1 /* Animation */,
				593FB0062512E93600D7ECA1 /* AnimationTests */,
				593FB0112512E93600D7ECA1 /* AnimationUITests */,
				593FAFEE2512E92E00D7ECA1 /* Products */,
			);
			sourceTree = "<group>";
		};
		593FAFEE2512E92E00D7ECA1 /* Products */ = {
			isa = PBXGroup;
			children = (
				593FAFED2512E92E00D7ECA1 /* Animation.app */,
				593FB0032512E93600D7ECA1 /* AnimationTests.xctest */,
				593FB00E2512E93600D7ECA1 /* AnimationUITests.xctest */,
			);
			name = Products;
			sourceTree = "<group>";
		};
		593FAFEF2512E92E00D7ECA1 /* Animation */ = {
			isa = PBXGroup;
			children = (
				593FB0262512E9A800D7ECA1 /* image1.png */,
				593FB0272512E9A800D7ECA1 /* image2.png */,
				593FAFF02512E92E00D7ECA1 /* AppDelegate.swift */,
				593FAFF22512E92E00D7ECA1 /* SceneDelegate.swift */,
				59185651251302D500F7FD5D /* ViewController.swift */,
				59185653251302E500F7FD5D /* Main.storyboard */,
				593FAFF92512E93500D7ECA1 /* Assets.xcassets */,
				593FAFFB2512E93500D7ECA1 /* LaunchScreen.storyboard */,
				593FAFFE2512E93500D7ECA1 /* Info.plist */,
			);
			path = Animation;
			sourceTree = "<group>";
		};
		593FB0062512E93600D7ECA1 /* AnimationTests */ = {
			isa = PBXGroup;
			children = (
				593FB0072512E93600D7ECA1 /* AnimationTests.swift */,
				593FB0092512E93600D7ECA1 /* Info.plist */,
			);
			path = AnimationTests;
			sourceTree = "<group>";
		};
		593FB0112512E93600D7ECA1 /* AnimationUITests */ = {
			isa = PBXGroup;
			children = (
				593FB0122512E93600D7ECA1 /* AnimationUITests.swift */,
				593FB0142512E93600D7ECA1 /* Info.plist */,
			);
			path = AnimationUITests;
			sourceTree = "<group>";
		};
/* End PBXGroup section */

/* Begin PBXNativeTarget section */
		593FAFEC2512E92E00D7ECA1 /* Animation */ = {
			isa = PBXNativeTarget;
			buildConfigurationList = 593FB0172512E93600D7ECA1 /* Build configuration list for PBXNativeTarget "Animation" */;
			buildPhases = (
				593FAFE92512E92E00D7ECA1 /* Sources */,
				593FAFEA2512E92E00D7ECA1 /* Frameworks */,
				593FAFEB2512E92E00D7ECA1 /* Resources */,
			);
			buildRules = (
			);
			dependencies = (
			);
			name = Animation;
			productName = Animation;
			productReference = 593FAFED2512E92E00D7ECA1 /* Animation.app */;
			productType = "com.apple.product-type.application";
		};
		593FB0022512E93600D7ECA1 /* AnimationTests */ = {
			isa = PBXNativeTarget;
			buildConfigurationList = 593FB01A2512E93600D7ECA1 /* Build configuration list for PBXNativeTarget "AnimationTests" */;
			buildPhases = (
				593FAFFF2512E93600D7ECA1 /* Sources */,
				593FB0002512E93600D7ECA1 /* Frameworks */,
				593FB0012512E93600D7ECA1 /* Resources */,
			);
			buildRules = (
			);
			dependencies = (
				593FB0052512E93600D7ECA1 /* PBXTargetDependency */,
			);
			name = AnimationTests;
			productName = AnimationTests;
			productReference = 593FB0032512E93600D7ECA1 /* AnimationTests.xctest */;
			productType = "com.apple.product-type.bundle.unit-test";
		};
		593FB00D2512E93600D7ECA1 /* AnimationUITests */ = {
			isa = PBXNativeTarget;
			buildConfigurationList = 593FB01D2512E93600D7ECA1 /* Build configuration list for PBXNativeTarget "AnimationUITests" */;
			buildPhases = (
				593FB00A2512E93600D7ECA1 /* Sources */,
				593FB00B2512E93600D7ECA1 /* Frameworks */,
				593FB00C2512E93600D7ECA1 /* Resources */,
			);
			buildRules = (
			);
			dependencies = (
				593FB0102512E93600D7ECA1 /* PBXTargetDependency */,
			);
			name = AnimationUITests;
			productName = AnimationUITests;
			productReference = 593FB00E2512E93600D7ECA1 /* AnimationUITests.xctest */;
			productType = "com.apple.product-type.bundle.ui-testing";
		};
/* End PBXNativeTarget section */

/* Begin PBXProject section */
		593FAFE52512E92E00D7ECA1 /* Project object */ = {
			isa = PBXProject;
			attributes = {
				LastSwiftUpdateCheck = 1200;
				LastUpgradeCheck = 1200;
				TargetAttributes = {
					593FAFEC2512E92E00D7ECA1 = {
						CreatedOnToolsVersion = 12.0;
					};
					593FB0022512E93600D7ECA1 = {
						CreatedOnToolsVersion = 12.0;
						TestTargetID = 593FAFEC2512E92E00D7ECA1;
					};
					593FB00D2512E93600D7ECA1 = {
						CreatedOnToolsVersion = 12.0;
						TestTargetID = 593FAFEC2512E92E00D7ECA1;
					};
				};
			};
			buildConfigurationList = 593FAFE82512E92E00D7ECA1 /* Build configuration list for PBXProject "Animation" */;
			compatibilityVersion = "Xcode 9.3";
			developmentRegion = en;
			hasScannedForEncodings = 0;
			knownRegions = (
				en,
				Base,
			);
			mainGroup = 593FAFE42512E92E00D7ECA1;
			productRefGroup = 593FAFEE2512E92E00D7ECA1 /* Products */;
			projectDirPath = "";
			projectRoot = "";
			targets = (
				593FAFEC2512E92E00D7ECA1 /* Animation */,
				593FB0022512E93600D7ECA1 /* AnimationTests */,
				593FB00D2512E93600D7ECA1 /* AnimationUITests */,
			);
		};
/* End PBXProject section */

/* Begin PBXResourcesBuildPhase section */
		593FAFEB2512E92E00D7ECA1 /* Resources */ = {
			isa = PBXResourcesBuildPhase;
			buildActionMask = 2147483647;
			files = (
				593FAFFD2512E93500D7ECA1 /* LaunchScreen.storyboard in Resources */,
				59185654251302E500F7FD5D /* Main.storyboard in Resources */,
				593FB0292512E9A800D7ECA1 /* image2.png in Resources */,
				593FB0282512E9A800D7ECA1 /* image1.png in Resources */,
				593FAFFA2512E93500D7ECA1 /* Assets.xcassets in Resources */,
			);
			runOnlyForDeploymentPostprocessing = 0;
		};
		593FB0012512E93600D7ECA1 /* Resources */ = {
			isa = PBXResourcesBuildPhase;
			buildActionMask = 2147483647;
			files = (
			);
			runOnlyForDeploymentPostprocessing = 0;
		};
		593FB00C2512E93600D7ECA1 /* Resources */ = {
			isa = PBXResourcesBuildPhase;
			buildActionMask = 2147483647;
			files = (
			);
			runOnlyForDeploymentPostprocessing = 0;
		};
/* End PBXResourcesBuildPhase section */

/* Begin PBXSourcesBuildPhase section */
		593FAFE92512E92E00D7ECA1 /* Sources */ = {
			isa = PBXSourcesBuildPhase;
			buildActionMask = 2147483647;
			files = (
				59185652251302D500F7FD5D /* ViewController.swift in Sources */,
				593FAFF12512E92E00D7ECA1 /* AppDelegate.swift in Sources */,
				593FAFF32512E92E00D7ECA1 /* SceneDelegate.swift in Sources */,
			);
			runOnlyForDeploymentPostprocessing = 0;
		};
		593FAFFF2512E93600D7ECA1 /* Sources */ = {
			isa = PBXSourcesBuildPhase;
			buildActionMask = 2147483647;
			files = (
				593FB0082512E93600D7ECA1 /* AnimationTests.swift in Sources */,
			);
			runOnlyForDeploymentPostprocessing = 0;
		};
		593FB00A2512E93600D7ECA1 /* Sources */ = {
			isa = PBXSourcesBuildPhase;
			buildActionMask = 2147483647;
			files = (
				593FB0132512E93600D7ECA1 /* AnimationUITests.swift in Sources */,
			);
			runOnlyForDeploymentPostprocessing = 0;
		};
/* End PBXSourcesBuildPhase section */

/* Begin PBXTargetDependency section */
		593FB0052512E93600D7ECA1 /* PBXTargetDependency */ = {
			isa = PBXTargetDependency;
			target = 593FAFEC2512E92E00D7ECA1 /* Animation */;
			targetProxy = 593FB0042512E93600D7ECA1 /* PBXContainerItemProxy */;
		};
		593FB0102512E93600D7ECA1 /* PBXTargetDependency */ = {
			isa = PBXTargetDependency;
			target = 593FAFEC2512E92E00D7ECA1 /* Animation */;
			targetProxy = 593FB00F2512E93600D7ECA1 /* PBXContainerItemProxy */;
		};
/* End PBXTargetDependency section */

/* Begin PBXVariantGroup section */
		593FAFFB2512E93500D7ECA1 /* LaunchScreen.storyboard */ = {
			isa = PBXVariantGroup;
			children = (
				593FAFFC2512E93500D7ECA1 /* Base */,
			);
			name = LaunchScreen.storyboard;
			sourceTree = "<group>";
		};
/* End PBXVariantGroup section */

/* Begin XCBuildConfiguration section */
		593FB0152512E93600D7ECA1 /* Debug */ = {
			isa = XCBuildConfiguration;
			buildSettings = {
				ALWAYS_SEARCH_USER_PATHS = NO;
				CLANG_ANALYZER_NONNULL = YES;
				CLANG_ANALYZER_NUMBER_OBJECT_CONVERSION = YES_AGGRESSIVE;
				CLANG_CXX_LANGUAGE_STANDARD = "gnu++14";
				CLANG_CXX_LIBRARY = "libc++";
				CLANG_ENABLE_MODULES = YES;
				CLANG_ENABLE_OBJC_ARC = YES;
				CLANG_ENABLE_OBJC_WEAK = YES;
				CLANG_WARN_BLOCK_CAPTURE_AUTORELEASING = YES;
				CLANG_WARN_BOOL_CONVERSION = YES;
				CLANG_WARN_COMMA = YES;
				CLANG_WARN_CONSTANT_CONVERSION = YES;
				CLANG_WARN_DEPRECATED_OBJC_IMPLEMENTATIONS = YES;
				CLANG_WARN_DIRECT_OBJC_ISA_USAGE = YES_ERROR;
				CLANG_WARN_DOCUMENTATION_COMMENTS = YES;
				CLANG_WARN_EMPTY_BODY = YES;
				CLANG_WARN_ENUM_CONVERSION = YES;
				CLANG_WARN_INFINITE_RECURSION = YES;
				CLANG_WARN_INT_CONVERSION = YES;
				CLANG_WARN_NON_LITERAL_NULL_CONVERSION = YES;
				CLANG_WARN_OBJC_IMPLICIT_RETAIN_SELF = YES;
				CLANG_WARN_OBJC_LITERAL_CONVERSION = YES;
				CLANG_WARN_OBJC_ROOT_CLASS = YES_ERROR;
				CLANG_WARN_QUOTED_INCLUDE_IN_FRAMEWORK_HEADER = YES;
				CLANG_WARN_RANGE_LOOP_ANALYSIS = YES;
				CLANG_WARN_STRICT_PROTOTYPES = YES;
				CLANG_WARN_SUSPICIOUS_MOVE = YES;
				CLANG_WARN_UNGUARDED_AVAILABILITY = YES_AGGRESSIVE;
				CLANG_WARN_UNREACHABLE_CODE = YES;
				CLANG_WARN__DUPLICATE_METHOD_MATCH = YES;
				COPY_PHASE_STRIP = NO;
				DEBUG_INFORMATION_FORMAT = dwarf;
				ENABLE_STRICT_OBJC_MSGSEND = YES;
				ENABLE_TESTABILITY = YES;
				GCC_C_LANGUAGE_STANDARD = gnu11;
				GCC_DYNAMIC_NO_PIC = NO;
				GCC_NO_COMMON_BLOCKS = YES;
				GCC_OPTIMIZATION_LEVEL = 0;
				GCC_PREPROCESSOR_DEFINITIONS = (
					"DEBUG=1",
					"$(inherited)",
				);
				GCC_WARN_64_TO_32_BIT_CONVERSION = YES;
				GCC_WARN_ABOUT_RETURN_TYPE = YES_ERROR;
				GCC_WARN_UNDECLARED_SELECTOR = YES;
				GCC_WARN_UNINITIALIZED_AUTOS = YES_AGGRESSIVE;
				GCC_WARN_UNUSED_FUNCTION = YES;
				GCC_WARN_UNUSED_VARIABLE = YES;
				IPHONEOS_DEPLOYMENT_TARGET = 14.0;
				MTL_ENABLE_DEBUG_INFO = INCLUDE_SOURCE;
				MTL_FAST_MATH = YES;
				ONLY_ACTIVE_ARCH = YES;
				SDKROOT = iphoneos;
				SWIFT_ACTIVE_COMPILATION_CONDITIONS = DEBUG;
				SWIFT_OPTIMIZATION_LEVEL = "-Onone";
			};
			name = Debug;
		};
		593FB0162512E93600D7ECA1 /* Release */ = {
			isa = XCBuildConfiguration;
			buildSettings = {
				ALWAYS_SEARCH_USER_PATHS = NO;
				CLANG_ANALYZER_NONNULL = YES;
				CLANG_ANALYZER_NUMBER_OBJECT_CONVERSION = YES_AGGRESSIVE;
				CLANG_CXX_LANGUAGE_STANDARD = "gnu++14";
				CLANG_CXX_LIBRARY = "libc++";
				CLANG_ENABLE_MODULES = YES;
				CLANG_ENABLE_OBJC_ARC = YES;
				CLANG_ENABLE_OBJC_WEAK = YES;
				CLANG_WARN_BLOCK_CAPTURE_AUTORELEASING = YES;
				CLANG_WARN_BOOL_CONVERSION = YES;
				CLANG_WARN_COMMA = YES;
				CLANG_WARN_CONSTANT_CONVERSION = YES;
				CLANG_WARN_DEPRECATED_OBJC_IMPLEMENTATIONS = YES;
				CLANG_WARN_DIRECT_OBJC_ISA_USAGE = YES_ERROR;
				CLANG_WARN_DOCUMENTATION_COMMENTS = YES;
				CLANG_WARN_EMPTY_BODY = YES;
				CLANG_WARN_ENUM_CONVERSION = YES;
				CLANG_WARN_INFINITE_RECURSION = YES;
				CLANG_WARN_INT_CONVERSION = YES;
				CLANG_WARN_NON_LITERAL_NULL_CONVERSION = YES;
				CLANG_WARN_OBJC_IMPLICIT_RETAIN_SELF = YES;
				CLANG_WARN_OBJC_LITERAL_CONVERSION = YES;
				CLANG_WARN_OBJC_ROOT_CLASS = YES_ERROR;
				CLANG_WARN_QUOTED_INCLUDE_IN_FRAMEWORK_HEADER = YES;
				CLANG_WARN_RANGE_LOOP_ANALYSIS = YES;
				CLANG_WARN_STRICT_PROTOTYPES = YES;
				CLANG_WARN_SUSPICIOUS_MOVE = YES;
				CLANG_WARN_UNGUARDED_AVAILABILITY = YES_AGGRESSIVE;
				CLANG_WARN_UNREACHABLE_CODE = YES;
				CLANG_WARN__DUPLICATE_METHOD_MATCH = YES;
				COPY_PHASE_STRIP = NO;
				DEBUG_INFORMATION_FORMAT = "dwarf-with-dsym";
				ENABLE_NS_ASSERTIONS = NO;
				ENABLE_STRICT_OBJC_MSGSEND = YES;
				GCC_C_LANGUAGE_STANDARD = gnu11;
				GCC_NO_COMMON_BLOCKS = YES;
				GCC_WARN_64_TO_32_BIT_CONVERSION = YES;
				GCC_WARN_ABOUT_RETURN_TYPE = YES_ERROR;
				GCC_WARN_UNDECLARED_SELECTOR = YES;
				GCC_WARN_UNINITIALIZED_AUTOS = YES_AGGRESSIVE;
				GCC_WARN_UNUSED_FUNCTION = YES;
				GCC_WARN_UNUSED_VARIABLE = YES;
				IPHONEOS_DEPLOYMENT_TARGET = 14.0;
				MTL_ENABLE_DEBUG_INFO = NO;
				MTL_FAST_MATH = YES;
				SDKROOT = iphoneos;
				SWIFT_COMPILATION_MODE = wholemodule;
				SWIFT_OPTIMIZATION_LEVEL = "-O";
				VALIDATE_PRODUCT = YES;
			};
			name = Release;
		};
		593FB0182512E93600D7ECA1 /* Debug */ = {
			isa = XCBuildConfiguration;
			buildSettings = {
				ASSETCATALOG_COMPILER_APPICON_NAME = AppIcon;
				ASSETCATALOG_COMPILER_GLOBAL_ACCENT_COLOR_NAME = AccentColor;
				CODE_SIGN_STYLE = Automatic;
				INFOPLIST_FILE = Animation/Info.plist;
				LD_RUNPATH_SEARCH_PATHS = (
					"$(inherited)",
					"@executable_path/Frameworks",
				);
				PRODUCT_BUNDLE_IDENTIFIER = gmail.binkug940.Animation;
				PRODUCT_NAME = "$(TARGET_NAME)";
				SWIFT_VERSION = 5.0;
				TARGETED_DEVICE_FAMILY = "1,2";
			};
			name = Debug;
		};
		593FB0192512E93600D7ECA1 /* Release */ = {
			isa = XCBuildConfiguration;
			buildSettings = {
				ASSETCATALOG_COMPILER_APPICON_NAME = AppIcon;
				ASSETCATALOG_COMPILER_GLOBAL_ACCENT_COLOR_NAME = AccentColor;
				CODE_SIGN_STYLE = Automatic;
				INFOPLIST_FILE = Animation/Info.plist;
				LD_RUNPATH_SEARCH_PATHS = (
					"$(inherited)",
					"@executable_path/Frameworks",
				);
				PRODUCT_BUNDLE_IDENTIFIER = gmail.binkug940.Animation;
				PRODUCT_NAME = "$(TARGET_NAME)";
				SWIFT_VERSION = 5.0;
				TARGETED_DEVICE_FAMILY = "1,2";
			};
			name = Release;
		};
		593FB01B2512E93600D7ECA1 /* Debug */ = {
			isa = XCBuildConfiguration;
			buildSettings = {
				ALWAYS_EMBED_SWIFT_STANDARD_LIBRARIES = YES;
				BUNDLE_LOADER = "$(TEST_HOST)";
				CODE_SIGN_STYLE = Automatic;
				INFOPLIST_FILE = AnimationTests/Info.plist;
				IPHONEOS_DEPLOYMENT_TARGET = 14.0;
				LD_RUNPATH_SEARCH_PATHS = (
					"$(inherited)",
					"@executable_path/Frameworks",
					"@loader_path/Frameworks",
				);
				PRODUCT_BUNDLE_IDENTIFIER = gmail.binkug940.AnimationTests;
				PRODUCT_NAME = "$(TARGET_NAME)";
				SWIFT_VERSION = 5.0;
				TARGETED_DEVICE_FAMILY = "1,2";
				TEST_HOST = "$(BUILT_PRODUCTS_DIR)/Animation.app/Animation";
			};
			name = Debug;
		};
		593FB01C2512E93600D7ECA1 /* Release */ = {
			isa = XCBuildConfiguration;
			buildSettings = {
				ALWAYS_EMBED_SWIFT_STANDARD_LIBRARIES = YES;
				BUNDLE_LOADER = "$(TEST_HOST)";
				CODE_SIGN_STYLE = Automatic;
				INFOPLIST_FILE = AnimationTests/Info.plist;
				IPHONEOS_DEPLOYMENT_TARGET = 14.0;
				LD_RUNPATH_SEARCH_PATHS = (
					"$(inherited)",
					"@executable_path/Frameworks",
					"@loader_path/Frameworks",
				);
				PRODUCT_BUNDLE_IDENTIFIER = gmail.binkug940.AnimationTests;
				PRODUCT_NAME = "$(TARGET_NAME)";
				SWIFT_VERSION = 5.0;
				TARGETED_DEVICE_FAMILY = "1,2";
				TEST_HOST = "$(BUILT_PRODUCTS_DIR)/Animation.app/Animation";
			};
			name = Release;
		};
		593FB01E2512E93600D7ECA1 /* Debug */ = {
			isa = XCBuildConfiguration;
			buildSettings = {
				ALWAYS_EMBED_SWIFT_STANDARD_LIBRARIES = YES;
				CODE_SIGN_STYLE = Automatic;
				INFOPLIST_FILE = AnimationUITests/Info.plist;
				LD_RUNPATH_SEARCH_PATHS = (
					"$(inherited)",
					"@executable_path/Frameworks",
					"@loader_path/Frameworks",
				);
				PRODUCT_BUNDLE_IDENTIFIER = gmail.binkug940.AnimationUITests;
				PRODUCT_NAME = "$(TARGET_NAME)";
				SWIFT_VERSION = 5.0;
				TARGETED_DEVICE_FAMILY = "1,2";
				TEST_TARGET_NAME = Animation;
			};
			name = Debug;
		};
		593FB01F2512E93600D7ECA1 /* Release */ = {
			isa = XCBuildConfiguration;
			buildSettings = {
				ALWAYS_EMBED_SWIFT_STANDARD_LIBRARIES = YES;
				CODE_SIGN_STYLE = Automatic;
				INFOPLIST_FILE = AnimationUITests/Info.plist;
				LD_RUNPATH_SEARCH_PATHS = (
					"$(inherited)",
					"@executable_path/Frameworks",
					"@loader_path/Frameworks",
				);
				PRODUCT_BUNDLE_IDENTIFIER = gmail.binkug940.AnimationUITests;
				PRODUCT_NAME = "$(TARGET_NAME)";
				SWIFT_VERSION = 5.0;
				TARGETED_DEVICE_FAMILY = "1,2";
				TEST_TARGET_NAME = Animation;
			};
			name = Release;
		};
/* End XCBuildConfiguration section */

/* Begin XCConfigurationList section */
		593FAFE82512E92E00D7ECA1 /* Build configuration list for PBXProject "Animation" */ = {
			isa = XCConfigurationList;
			buildConfigurations = (
				593FB0152512E93600D7ECA1 /* Debug */,
				593FB0162512E93600D7ECA1 /* Release */,
			);
			defaultConfigurationIsVisible = 0;
			defaultConfigurationName = Release;
		};
		593FB0172512E93600D7ECA1 /* Build configuration list for PBXNativeTarget "Animation" */ = {
			isa = XCConfigurationList;
			buildConfigurations = (
				593FB0182512E93600D7ECA1 /* Debug */,
				593FB0192512E93600D7ECA1 /* Release */,
			);
			defaultConfigurationIsVisible = 0;
			defaultConfigurationName = Release;
		};
		593FB01A2512E93600D7ECA1 /* Build configuration list for PBXNativeTarget "AnimationTests" */ = {
			isa = XCConfigurationList;
			buildConfigurations = (
				593FB01B2512E93600D7ECA1 /* Debug */,
				593FB01C2512E93600D7ECA1 /* Release */,
			);
			defaultConfigurationIsVisible = 0;
			defaultConfigurationName = Release;
		};
		593FB01D2512E93600D7ECA1 /* Build configuration list for PBXNativeTarget "AnimationUITests" */ = {
			isa = XCConfigurationList;
			buildConfigurations = (
				593FB01E2512E93600D7ECA1 /* Debug */,
				593FB01F2512E93600D7ECA1 /* Release */,
			);
			defaultConfigurationIsVisible = 0;
			defaultConfigurationName = Release;
		};
/* End XCConfigurationList section */
	};
	rootObject = 593FAFE52512E92E00D7ECA1 /* Project object */;
}
